Microsoft Visual Studio Solution File, Format Version 7.00
Project("{8BC9CEB8-8B4A-11D0-8D11-00A0C91BC942}") = "VoDUDPServer", "VoDUDPServer.vcproj", "{7CD5C859-7BD9-47E2-839D-43A14E30861D}"
EndProject
Global
	GlobalSection(SolutionConfiguration) = preSolution
		ConfigName.0 = Debug
		ConfigName.1 = Release
	EndGlobalSection
	GlobalSection(ProjectDependencies) = postSolution
	EndGlobalSection
	GlobalSection(ProjectConfiguration) = postSolution
		{7CD5C859-7BD9-47E2-839D-43A14E30861D}.Debug.ActiveCfg = Release|Win32
		{7CD5C859-7BD9-47E2-839D-43A14E30861D}.Debug.Build.0 = Release|Win32
		{7CD5C859-7BD9-47E2-839D-43A14E30861D}.Release.ActiveCfg = Release|Win32
		{7CD5C859-7BD9-47E2-839D-43A14E30861D}.Release.Build.0 = Release|Win32
	EndGlobalSection
	GlobalSection(ExtensibilityGlobals) = postSolution
	EndGlobalSection
	GlobalSection(ExtensibilityAddIns) = postSolution
	EndGlobalSection
EndGlobal
