<?xml version="1.0" encoding="utf-8"?>
<Project ToolsVersion="4.0" xmlns="http://schemas.microsoft.com/developer/msbuild/2003">
  <ItemGroup>
    <Filter Include="Source Files">
      <UniqueIdentifier>{9a1dc666-32e6-4d89-a5ad-0c3c3c79d7d8}</UniqueIdentifier>
      <Extensions>cpp;c;cxx;def;odl;idl;hpj;bat;asm</Extensions>
    </Filter>
    <Filter Include="Header Files">
      <UniqueIdentifier>{df946409-74a0-4670-bf16-7f4a21891d9c}</UniqueIdentifier>
      <Extensions>h;hpp;hxx;hm;inl;inc</Extensions>
    </Filter>
    <Filter Include="Resource Files">
      <UniqueIdentifier>{cfd8f7b0-a6dd-44a2-999c-4cf5721a6aa8}</UniqueIdentifier>
      <Extensions>rc;ico;cur;bmp;dlg;rc2;rct;bin;rgs;jpg;jpeg;jpe;manifest</Extensions>
    </Filter>
  </ItemGroup>
  <ItemGroup>
    <ClCompile Include="CRC.cpp">
      <Filter>Source Files</Filter>
    </ClCompile>
    <ClCompile Include="Client.cpp">
      <Filter>Source Files</Filter>
    </ClCompile>
    <ClCompile Include="MainFrm.cpp">
      <Filter>Source Files</Filter>
    </ClCompile>
    <ClCompile Include="SSpeed.cpp">
      <Filter>Source Files</Filter>
    </ClCompile>
    <ClCompile Include="SysTray.cpp">
      <Filter>Source Files</Filter>
    </ClCompile>
    <ClCompile Include="UDP.cpp">
      <Filter>Source Files</Filter>
    </ClCompile>
    <ClCompile Include="UDPListener.cpp">
      <Filter>Source Files</Filter>
    </ClCompile>
    <ClCompile Include="VoDUDPServer.cpp">
      <Filter>Source Files</Filter>
    </ClCompile>
    <ClCompile Include="VoDUDPServerDoc.cpp">
      <Filter>Source Files</Filter>
    </ClCompile>
    <ClCompile Include="VoDUDPServerView.cpp">
      <Filter>Source Files</Filter>
    </ClCompile>
    <ClCompile Include="globals.cpp">
      <Filter>Source Files</Filter>
    </ClCompile>
    <ClCompile Include="stdafx.cpp">
      <Filter>Source Files</Filter>
    </ClCompile>
  </ItemGroup>
  <ItemGroup>
    <ClInclude Include="UDPListener.h">
      <Filter>Source Files</Filter>
    </ClInclude>
    <ClInclude Include="CRC.h">
      <Filter>Header Files</Filter>
    </ClInclude>
    <ClInclude Include="Client.h">
      <Filter>Header Files</Filter>
    </ClInclude>
    <ClInclude Include="MainFrm.h">
      <Filter>Header Files</Filter>
    </ClInclude>
    <ClInclude Include="Resource.h">
      <Filter>Header Files</Filter>
    </ClInclude>
    <ClInclude Include="SSpeed.h">
      <Filter>Header Files</Filter>
    </ClInclude>
    <ClInclude Include="SysTray.h">
      <Filter>Header Files</Filter>
    </ClInclude>
    <ClInclude Include="UDP.h">
      <Filter>Header Files</Filter>
    </ClInclude>
    <ClInclude Include="VoDUDPServer.h">
      <Filter>Header Files</Filter>
    </ClInclude>
    <ClInclude Include="VoDUDPServerDoc.h">
      <Filter>Header Files</Filter>
    </ClInclude>
    <ClInclude Include="VoDUDPServerView.h">
      <Filter>Header Files</Filter>
    </ClInclude>
    <ClInclude Include="stdafx.h">
      <Filter>Header Files</Filter>
    </ClInclude>
  </ItemGroup>
  <ItemGroup>
    <Image Include="res\VoDUDPServer.ico">
      <Filter>Resource Files</Filter>
    </Image>
    <Image Include="res\VoDUDPServerDoc.ico">
      <Filter>Resource Files</Filter>
    </Image>
  </ItemGroup>
  <ItemGroup>
    <Manifest Include="res\VoDUDPServer.manifest">
      <Filter>Resource Files</Filter>
    </Manifest>
  </ItemGroup>
  <ItemGroup>
    <ResourceCompile Include="VoDUDPServer.rc">
      <Filter>Resource Files</Filter>
    </ResourceCompile>
  </ItemGroup>
  <ItemGroup>
    <None Include="res\VoDUDPServer.rc2">
      <Filter>Resource Files</Filter>
    </None>
    <None Include="test.rpt" />
    <None Include="test2.rpt" />
  </ItemGroup>
  <ItemGroup>
    <Text Include="ReadMe.txt" />
  </ItemGroup>
</Project>